
Microsoft Visual Studio Solution File, Format Version 12.00
# Visual Studio Version 17
VisualStudioVersion = 17.13.35825.156 d17.13
MinimumVisualStudioVersion = 10.0.40219.1
Project("{FAE04EC0-301F-11D3-BF4B-00C04F79EFBC}") = "LoginRole", "LoginRole.csproj", "{8EA06A8A-9241-4219-B873-DEAF1617942C}"
EndProject
Global
	GlobalSection(SolutionConfigurationPlatforms) = preSolution
		Debug|Any CPU = Debug|Any CPU
		Release|Any CPU = Release|Any CPU
	EndGlobalSection
	GlobalSection(ProjectConfigurationPlatforms) = postSolution
		{8EA06A8A-9241-4219-B873-DEAF1617942C}.Debug|Any CPU.ActiveCfg = Debug|Any CPU
		{8EA06A8A-9241-4219-B873-DEAF1617942C}.Debug|Any CPU.Build.0 = Debug|Any CPU
		{8EA06A8A-9241-4219-B873-DEAF1617942C}.Release|Any CPU.ActiveCfg = Release|Any CPU
		{8EA06A8A-9241-4219-B873-DEAF1617942C}.Release|Any CPU.Build.0 = Release|Any CPU
	EndGlobalSection
	GlobalSection(SolutionProperties) = preSolution
		HideSolutionNode = FALSE
	EndGlobalSection
	GlobalSection(ExtensibilityGlobals) = postSolution
		SolutionGuid = {13CFDD49-5213-4965-B3CE-DB4A30EF9C2E}
	EndGlobalSection
EndGlobal
