
Microsoft Visual Studio Solution File, Format Version 12.00
# Visual Studio Version 17
VisualStudioVersion = 17.13.35825.156 d17.13
MinimumVisualStudioVersion = 10.0.40219.1
Project("{FAE04EC0-301F-11D3-BF4B-00C04F79EFBC}") = "LoginFormwithADO", "LoginFormwithADO.csproj", "{5171743F-EB98-49DF-BD1F-A2C4D241601A}"
EndProject
Global
	GlobalSection(SolutionConfigurationPlatforms) = preSolution
		Debug|Any CPU = Debug|Any CPU
		Release|Any CPU = Release|Any CPU
	EndGlobalSection
	GlobalSection(ProjectConfigurationPlatforms) = postSolution
		{5171743F-EB98-49DF-BD1F-A2C4D241601A}.Debug|Any CPU.ActiveCfg = Debug|Any CPU
		{5171743F-EB98-49DF-BD1F-A2C4D241601A}.Debug|Any CPU.Build.0 = Debug|Any CPU
		{5171743F-EB98-49DF-BD1F-A2C4D241601A}.Release|Any CPU.ActiveCfg = Release|Any CPU
		{5171743F-EB98-49DF-BD1F-A2C4D241601A}.Release|Any CPU.Build.0 = Release|Any CPU
	EndGlobalSection
	GlobalSection(SolutionProperties) = preSolution
		HideSolutionNode = FALSE
	EndGlobalSection
	GlobalSection(ExtensibilityGlobals) = postSolution
		SolutionGuid = {D086C6F2-DAAF-464D-9EAF-09BE04720E8E}
	EndGlobalSection
EndGlobal
